
Microsoft Visual Studio Solution File, Format Version 12.00
# Visual Studio Version 17
VisualStudioVersion = 17.0.31903.59
MinimumVisualStudioVersion = 10.0.40219.1
Project("{2150E333-8FDC-42A3-9474-1A3956D46DE8}") = "src", "src", "{0333706F-C5C3-45A5-BC4B-76BDF56180A7}"
EndProject
Project("{2150E333-8FDC-42A3-9474-1A3956D46DE8}") = "Backend", "Backend", "{31106250-7487-40D3-9A75-9A49DF6B751D}"
EndProject
Project("{FAE04EC0-301F-11D3-BF4B-00C04F79EFBC}") = "Backend.Api", "src\Backend\Backend.Api\Backend.Api.csproj", "{1652A3EC-B651-49B4-AD2B-6C9B0C3B12FA}"
EndProject
Project("{2150E333-8FDC-42A3-9474-1A3956D46DE8}") = "Data", "Data", "{78F82A29-5E91-4880-AC2C-D2C35EDD98F1}"
EndProject
Project("{FAE04EC0-301F-11D3-BF4B-00C04F79EFBC}") = "Data.Chat", "src\Data\Data.Chat\Data.Chat.csproj", "{E324A233-FFC1-41A7-AE7A-7953FEF67949}"
EndProject
Project("{2150E333-8FDC-42A3-9474-1A3956D46DE8}") = "Common", "Common", "{B49908DC-E77B-4442-8510-27A3382AC600}"
EndProject
Project("{FAE04EC0-301F-11D3-BF4B-00C04F79EFBC}") = "Common.TwitchChat", "src\Common\Common.TwitchChat\Common.TwitchChat.csproj", "{BD6CE636-3828-444C-8B7B-0305B87045DA}"
EndProject
Project("{FAE04EC0-301F-11D3-BF4B-00C04F79EFBC}") = "ChatKnut.AppHost", "src\ChatKnut.AppHost\ChatKnut.AppHost.csproj", "{8C87049C-C9CD-40C5-9479-2BD8E5C8A6C5}"
EndProject
Project("{FAE04EC0-301F-11D3-BF4B-00C04F79EFBC}") = "Common.ServiceDefaults", "src\Common\Common.ServiceDefaults\Common.ServiceDefaults.csproj", "{473E8567-2EE0-491E-8D92-B83CA965B619}"
EndProject
Global
	GlobalSection(SolutionConfigurationPlatforms) = preSolution
		Debug|Any CPU = Debug|Any CPU
		Release|Any CPU = Release|Any CPU
	EndGlobalSection
	GlobalSection(SolutionProperties) = preSolution
		HideSolutionNode = FALSE
	EndGlobalSection
	GlobalSection(ProjectConfigurationPlatforms) = postSolution
		{1652A3EC-B651-49B4-AD2B-6C9B0C3B12FA}.Debug|Any CPU.ActiveCfg = Debug|Any CPU
		{1652A3EC-B651-49B4-AD2B-6C9B0C3B12FA}.Debug|Any CPU.Build.0 = Debug|Any CPU
		{1652A3EC-B651-49B4-AD2B-6C9B0C3B12FA}.Release|Any CPU.ActiveCfg = Release|Any CPU
		{1652A3EC-B651-49B4-AD2B-6C9B0C3B12FA}.Release|Any CPU.Build.0 = Release|Any CPU
		{E324A233-FFC1-41A7-AE7A-7953FEF67949}.Debug|Any CPU.ActiveCfg = Debug|Any CPU
		{E324A233-FFC1-41A7-AE7A-7953FEF67949}.Debug|Any CPU.Build.0 = Debug|Any CPU
		{E324A233-FFC1-41A7-AE7A-7953FEF67949}.Release|Any CPU.ActiveCfg = Release|Any CPU
		{E324A233-FFC1-41A7-AE7A-7953FEF67949}.Release|Any CPU.Build.0 = Release|Any CPU
		{BD6CE636-3828-444C-8B7B-0305B87045DA}.Debug|Any CPU.ActiveCfg = Debug|Any CPU
		{BD6CE636-3828-444C-8B7B-0305B87045DA}.Debug|Any CPU.Build.0 = Debug|Any CPU
		{BD6CE636-3828-444C-8B7B-0305B87045DA}.Release|Any CPU.ActiveCfg = Release|Any CPU
		{BD6CE636-3828-444C-8B7B-0305B87045DA}.Release|Any CPU.Build.0 = Release|Any CPU
		{8C87049C-C9CD-40C5-9479-2BD8E5C8A6C5}.Debug|Any CPU.ActiveCfg = Debug|Any CPU
		{8C87049C-C9CD-40C5-9479-2BD8E5C8A6C5}.Debug|Any CPU.Build.0 = Debug|Any CPU
		{8C87049C-C9CD-40C5-9479-2BD8E5C8A6C5}.Release|Any CPU.ActiveCfg = Release|Any CPU
		{8C87049C-C9CD-40C5-9479-2BD8E5C8A6C5}.Release|Any CPU.Build.0 = Release|Any CPU
		{473E8567-2EE0-491E-8D92-B83CA965B619}.Debug|Any CPU.ActiveCfg = Debug|Any CPU
		{473E8567-2EE0-491E-8D92-B83CA965B619}.Debug|Any CPU.Build.0 = Debug|Any CPU
		{473E8567-2EE0-491E-8D92-B83CA965B619}.Release|Any CPU.ActiveCfg = Release|Any CPU
		{473E8567-2EE0-491E-8D92-B83CA965B619}.Release|Any CPU.Build.0 = Release|Any CPU
	EndGlobalSection
	GlobalSection(NestedProjects) = preSolution
		{31106250-7487-40D3-9A75-9A49DF6B751D} = {0333706F-C5C3-45A5-BC4B-76BDF56180A7}
		{1652A3EC-B651-49B4-AD2B-6C9B0C3B12FA} = {31106250-7487-40D3-9A75-9A49DF6B751D}
		{78F82A29-5E91-4880-AC2C-D2C35EDD98F1} = {0333706F-C5C3-45A5-BC4B-76BDF56180A7}
		{E324A233-FFC1-41A7-AE7A-7953FEF67949} = {78F82A29-5E91-4880-AC2C-D2C35EDD98F1}
		{B49908DC-E77B-4442-8510-27A3382AC600} = {0333706F-C5C3-45A5-BC4B-76BDF56180A7}
		{BD6CE636-3828-444C-8B7B-0305B87045DA} = {B49908DC-E77B-4442-8510-27A3382AC600}
		{8C87049C-C9CD-40C5-9479-2BD8E5C8A6C5} = {0333706F-C5C3-45A5-BC4B-76BDF56180A7}
		{473E8567-2EE0-491E-8D92-B83CA965B619} = {B49908DC-E77B-4442-8510-27A3382AC600}
	EndGlobalSection
EndGlobal
